
Microsoft Visual Studio Solution File, Format Version 12.00
# Visual Studio Version 17
VisualStudioVersion = 17.6.33829.357
MinimumVisualStudioVersion = 10.0.40219.1
Project("{9A19103F-16F7-4668-BE54-9A1E7A4F7556}") = "chia-dotnet", "chia-dotnet\chia-dotnet.csproj", "{C35A4AE5-0E0E-4D48-B28F-D7D1FF80804F}"
EndProject
Project("{9A19103F-16F7-4668-BE54-9A1E7A4F7556}") = "chia-dotnet.tests", "chia-dotnet.tests\chia-dotnet.tests.csproj", "{453602C8-9CDF-40A0-B65A-BBC0E4C81111}"
EndProject
Project("{9A19103F-16F7-4668-BE54-9A1E7A4F7556}") = "docfx", "docfx\docfx.csproj", "{3C7E0C4C-2B46-47DA-8E26-4E782A9F23B8}"
EndProject
Project("{2150E333-8FDC-42A3-9474-1A3956D46DE8}") = "Solution Items", "Solution Items", "{EDE35679-65F9-4823-96B8-167567BD761A}"
	ProjectSection(SolutionItems) = preProject
		.editorconfig = .editorconfig
		..\chia-leaf-logo-384x384.png = ..\chia-leaf-logo-384x384.png
	EndProjectSection
EndProject
Project("{9A19103F-16F7-4668-BE54-9A1E7A4F7556}") = "CodeGen", "CodeGen\CodeGen.csproj", "{736550B5-6E4E-4BC4-9E4D-B93E6FC8528B}"
EndProject
Project("{FAE04EC0-301F-11D3-BF4B-00C04F79EFBC}") = "EventingTestHarness", "EventingTestHarness\EventingTestHarness.csproj", "{58998896-677B-43CE-B0C2-85999D52D281}"
EndProject
Global
	GlobalSection(SolutionConfigurationPlatforms) = preSolution
		Debug|Any CPU = Debug|Any CPU
		Release|Any CPU = Release|Any CPU
	EndGlobalSection
	GlobalSection(ProjectConfigurationPlatforms) = postSolution
		{C35A4AE5-0E0E-4D48-B28F-D7D1FF80804F}.Debug|Any CPU.ActiveCfg = Debug|Any CPU
		{C35A4AE5-0E0E-4D48-B28F-D7D1FF80804F}.Debug|Any CPU.Build.0 = Debug|Any CPU
		{C35A4AE5-0E0E-4D48-B28F-D7D1FF80804F}.Release|Any CPU.ActiveCfg = Release|Any CPU
		{C35A4AE5-0E0E-4D48-B28F-D7D1FF80804F}.Release|Any CPU.Build.0 = Release|Any CPU
		{453602C8-9CDF-40A0-B65A-BBC0E4C81111}.Debug|Any CPU.ActiveCfg = Debug|Any CPU
		{453602C8-9CDF-40A0-B65A-BBC0E4C81111}.Debug|Any CPU.Build.0 = Debug|Any CPU
		{453602C8-9CDF-40A0-B65A-BBC0E4C81111}.Release|Any CPU.ActiveCfg = Release|Any CPU
		{453602C8-9CDF-40A0-B65A-BBC0E4C81111}.Release|Any CPU.Build.0 = Release|Any CPU
		{3C7E0C4C-2B46-47DA-8E26-4E782A9F23B8}.Debug|Any CPU.ActiveCfg = Debug|Any CPU
		{3C7E0C4C-2B46-47DA-8E26-4E782A9F23B8}.Release|Any CPU.ActiveCfg = Release|Any CPU
		{3C7E0C4C-2B46-47DA-8E26-4E782A9F23B8}.Release|Any CPU.Build.0 = Release|Any CPU
		{736550B5-6E4E-4BC4-9E4D-B93E6FC8528B}.Debug|Any CPU.ActiveCfg = Debug|Any CPU
		{736550B5-6E4E-4BC4-9E4D-B93E6FC8528B}.Debug|Any CPU.Build.0 = Debug|Any CPU
		{736550B5-6E4E-4BC4-9E4D-B93E6FC8528B}.Release|Any CPU.ActiveCfg = Release|Any CPU
		{736550B5-6E4E-4BC4-9E4D-B93E6FC8528B}.Release|Any CPU.Build.0 = Release|Any CPU
		{58998896-677B-43CE-B0C2-85999D52D281}.Debug|Any CPU.ActiveCfg = Debug|Any CPU
		{58998896-677B-43CE-B0C2-85999D52D281}.Debug|Any CPU.Build.0 = Debug|Any CPU
		{58998896-677B-43CE-B0C2-85999D52D281}.Release|Any CPU.ActiveCfg = Release|Any CPU
		{58998896-677B-43CE-B0C2-85999D52D281}.Release|Any CPU.Build.0 = Release|Any CPU
	EndGlobalSection
	GlobalSection(SolutionProperties) = preSolution
		HideSolutionNode = FALSE
	EndGlobalSection
	GlobalSection(ExtensibilityGlobals) = postSolution
		SolutionGuid = {1426D319-6A6B-4FF3-A902-1016DB0CB273}
	EndGlobalSection
EndGlobal
